# This file was autogenerated by Stack.
# You should not edit this file by hand.
# For more information, please see the documentation at:
#   https://docs.haskellstack.org/en/stable/topics/lock_files

packages:
- completed:
    name: Markers
    pantry-tree:
      sha256: 7b783e757949cc81a13b51aa12a089591c3b3e697a719d33048bcf10c5db13a4
      size: 675
    sha256: 321ff4ebc820aebb4b9f4984ceb46b3c7f383743ced61d6fcfccdd4392e1a96c
    size: 8960
    url: https://github.com/TheMarkersFoundation/TheMarkersLibrary/archive/ffbc816c626cd9bc2267d60e20cdcb6ff70eff3a.tar.gz
    version: 0.1.0.2
  original:
    url: https://github.com/TheMarkersFoundation/TheMarkersLibrary/archive/ffbc816c626cd9bc2267d60e20cdcb6ff70eff3a.tar.gz
snapshots:
- completed:
    sha256: 1964d439d2a152be4238053f3f997a09fb348391984daab86d724975ef9a423f
    size: 683814
    url: https://raw.githubusercontent.com/commercialhaskell/stackage-snapshots/master/lts/23/14.yaml
  original:
    url: https://raw.githubusercontent.com/commercialhaskell/stackage-snapshots/master/lts/23/14.yaml
