# This file was autogenerated by Stack.
# You should not edit this file by hand.
# For more information, please see the documentation at:
#   https://docs.haskellstack.org/en/stable/topics/lock_files

packages:
- completed:
    name: Markers
    pantry-tree:
      sha256: 16b77b4c3278588902e63335db0c4b81109b07ba97de5615a3aabdbffb41885f
      size: 1782
    sha256: 56f589e457c741c0ad54cffa8d24dff6988b1026aaec7dadb2e4f2f759cd7061
    size: 37918
    url: https://github.com/TheMarkersFoundation/markers/archive/c3be7396804dbac0aae81332ab6553636595cae7.tar.gz
    version: 0.2.0.1
  original:
    url: https://github.com/TheMarkersFoundation/markers/archive/c3be7396804dbac0aae81332ab6553636595cae7.tar.gz
snapshots:
- completed:
    sha256: 1964d439d2a152be4238053f3f997a09fb348391984daab86d724975ef9a423f
    size: 683814
    url: https://raw.githubusercontent.com/commercialhaskell/stackage-snapshots/master/lts/23/14.yaml
  original:
    url: https://raw.githubusercontent.com/commercialhaskell/stackage-snapshots/master/lts/23/14.yaml
